
Microsoft Visual Studio Solution File, Format Version 12.00
# Visual Studio 15
VisualStudioVersion = 15.0.26430.14
MinimumVisualStudioVersion = 10.0.40219.1
Project("{FAE04EC0-301F-11D3-BF4B-00C04F79EFBC}") = "GenericDev.Android", "GenericDev\GenericDev.Android\GenericDev.Android.csproj", "{F374B734-BF66-4D46-8CBF-3344FD7EB1A3}"
EndProject
Project("{FAE04EC0-301F-11D3-BF4B-00C04F79EFBC}") = "GenericDev", "GenericDev\GenericDev\GenericDev.csproj", "{838F7D72-0F2A-4124-8835-50CA7F534D5E}"
EndProject
Project("{FAE04EC0-301F-11D3-BF4B-00C04F79EFBC}") = "GenericDev.iOS", "GenericDev\GenericDev.iOS\GenericDev.iOS.csproj", "{7B0B660C-686A-4D23-A8B9-BC2BCB53553A}"
EndProject
Project("{FAE04EC0-301F-11D3-BF4B-00C04F79EFBC}") = "GenericDev.UWP", "GenericDev\GenericDev.UWP\GenericDev.UWP.csproj", "{A4E2BF12-CF4E-43D3-A550-C13DD57C5394}"
EndProject
Global
	GlobalSection(SolutionConfigurationPlatforms) = preSolution
		Ad-Hoc|Any CPU = Ad-Hoc|Any CPU
		Ad-Hoc|ARM = Ad-Hoc|ARM
		Ad-Hoc|iPhone = Ad-Hoc|iPhone
		Ad-Hoc|iPhoneSimulator = Ad-Hoc|iPhoneSimulator
		Ad-Hoc|x64 = Ad-Hoc|x64
		Ad-Hoc|x86 = Ad-Hoc|x86
		AppStore|Any CPU = AppStore|Any CPU
		AppStore|ARM = AppStore|ARM
		AppStore|iPhone = AppStore|iPhone
		AppStore|iPhoneSimulator = AppStore|iPhoneSimulator
		AppStore|x64 = AppStore|x64
		AppStore|x86 = AppStore|x86
		Debug|Any CPU = Debug|Any CPU
		Debug|ARM = Debug|ARM
		Debug|iPhone = Debug|iPhone
		Debug|iPhoneSimulator = Debug|iPhoneSimulator
		Debug|x64 = Debug|x64
		Debug|x86 = Debug|x86
		Release|Any CPU = Release|Any CPU
		Release|ARM = Release|ARM
		Release|iPhone = Release|iPhone
		Release|iPhoneSimulator = Release|iPhoneSimulator
		Release|x64 = Release|x64
		Release|x86 = Release|x86
	EndGlobalSection
	GlobalSection(ProjectConfigurationPlatforms) = postSolution
		{F374B734-BF66-4D46-8CBF-3344FD7EB1A3}.Ad-Hoc|Any CPU.ActiveCfg = Release|Any CPU
		{F374B734-BF66-4D46-8CBF-3344FD7EB1A3}.Ad-Hoc|Any CPU.Build.0 = Release|Any CPU
		{F374B734-BF66-4D46-8CBF-3344FD7EB1A3}.Ad-Hoc|Any CPU.Deploy.0 = Release|Any CPU
		{F374B734-BF66-4D46-8CBF-3344FD7EB1A3}.Ad-Hoc|ARM.ActiveCfg = Debug|Any CPU
		{F374B734-BF66-4D46-8CBF-3344FD7EB1A3}.Ad-Hoc|ARM.Build.0 = Debug|Any CPU
		{F374B734-BF66-4D46-8CBF-3344FD7EB1A3}.Ad-Hoc|ARM.Deploy.0 = Debug|Any CPU
		{F374B734-BF66-4D46-8CBF-3344FD7EB1A3}.Ad-Hoc|iPhone.ActiveCfg = Release|Any CPU
		{F374B734-BF66-4D46-8CBF-3344FD7EB1A3}.Ad-Hoc|iPhone.Build.0 = Release|Any CPU
		{F374B734-BF66-4D46-8CBF-3344FD7EB1A3}.Ad-Hoc|iPhone.Deploy.0 = Release|Any CPU
		{F374B734-BF66-4D46-8CBF-3344FD7EB1A3}.Ad-Hoc|iPhoneSimulator.ActiveCfg = Release|Any CPU
		{F374B734-BF66-4D46-8CBF-3344FD7EB1A3}.Ad-Hoc|iPhoneSimulator.Build.0 = Release|Any CPU
		{F374B734-BF66-4D46-8CBF-3344FD7EB1A3}.Ad-Hoc|iPhoneSimulator.Deploy.0 = Release|Any CPU
		{F374B734-BF66-4D46-8CBF-3344FD7EB1A3}.Ad-Hoc|x64.ActiveCfg = Debug|Any CPU
		{F374B734-BF66-4D46-8CBF-3344FD7EB1A3}.Ad-Hoc|x64.Build.0 = Debug|Any CPU
		{F374B734-BF66-4D46-8CBF-3344FD7EB1A3}.Ad-Hoc|x64.Deploy.0 = Debug|Any CPU
		{F374B734-BF66-4D46-8CBF-3344FD7EB1A3}.Ad-Hoc|x86.ActiveCfg = Debug|Any CPU
		{F374B734-BF66-4D46-8CBF-3344FD7EB1A3}.Ad-Hoc|x86.Build.0 = Debug|Any CPU
		{F374B734-BF66-4D46-8CBF-3344FD7EB1A3}.Ad-Hoc|x86.Deploy.0 = Debug|Any CPU
		{F374B734-BF66-4D46-8CBF-3344FD7EB1A3}.AppStore|Any CPU.ActiveCfg = Release|Any CPU
		{F374B734-BF66-4D46-8CBF-3344FD7EB1A3}.AppStore|Any CPU.Build.0 = Release|Any CPU
		{F374B734-BF66-4D46-8CBF-3344FD7EB1A3}.AppStore|Any CPU.Deploy.0 = Release|Any CPU
		{F374B734-BF66-4D46-8CBF-3344FD7EB1A3}.AppStore|ARM.ActiveCfg = Debug|Any CPU
		{F374B734-BF66-4D46-8CBF-3344FD7EB1A3}.AppStore|ARM.Build.0 = Debug|Any CPU
		{F374B734-BF66-4D46-8CBF-3344FD7EB1A3}.AppStore|ARM.Deploy.0 = Debug|Any CPU
		{F374B734-BF66-4D46-8CBF-3344FD7EB1A3}.AppStore|iPhone.ActiveCfg = Release|Any CPU
		{F374B734-BF66-4D46-8CBF-3344FD7EB1A3}.AppStore|iPhone.Build.0 = Release|Any CPU
		{F374B734-BF66-4D46-8CBF-3344FD7EB1A3}.AppStore|iPhone.Deploy.0 = Release|Any CPU
		{F374B734-BF66-4D46-8CBF-3344FD7EB1A3}.AppStore|iPhoneSimulator.ActiveCfg = Release|Any CPU
		{F374B734-BF66-4D46-8CBF-3344FD7EB1A3}.AppStore|iPhoneSimulator.Build.0 = Release|Any CPU
		{F374B734-BF66-4D46-8CBF-3344FD7EB1A3}.AppStore|iPhoneSimulator.Deploy.0 = Release|Any CPU
		{F374B734-BF66-4D46-8CBF-3344FD7EB1A3}.AppStore|x64.ActiveCfg = Debug|Any CPU
		{F374B734-BF66-4D46-8CBF-3344FD7EB1A3}.AppStore|x64.Build.0 = Debug|Any CPU
		{F374B734-BF66-4D46-8CBF-3344FD7EB1A3}.AppStore|x64.Deploy.0 = Debug|Any CPU
		{F374B734-BF66-4D46-8CBF-3344FD7EB1A3}.AppStore|x86.ActiveCfg = Debug|Any CPU
		{F374B734-BF66-4D46-8CBF-3344FD7EB1A3}.AppStore|x86.Build.0 = Debug|Any CPU
		{F374B734-BF66-4D46-8CBF-3344FD7EB1A3}.AppStore|x86.Deploy.0 = Debug|Any CPU
		{F374B734-BF66-4D46-8CBF-3344FD7EB1A3}.Debug|Any CPU.ActiveCfg = Debug|Any CPU
		{F374B734-BF66-4D46-8CBF-3344FD7EB1A3}.Debug|Any CPU.Build.0 = Debug|Any CPU
		{F374B734-BF66-4D46-8CBF-3344FD7EB1A3}.Debug|Any CPU.Deploy.0 = Debug|Any CPU
		{F374B734-BF66-4D46-8CBF-3344FD7EB1A3}.Debug|ARM.ActiveCfg = Debug|Any CPU
		{F374B734-BF66-4D46-8CBF-3344FD7EB1A3}.Debug|ARM.Build.0 = Debug|Any CPU
		{F374B734-BF66-4D46-8CBF-3344FD7EB1A3}.Debug|ARM.Deploy.0 = Debug|Any CPU
		{F374B734-BF66-4D46-8CBF-3344FD7EB1A3}.Debug|iPhone.ActiveCfg = Debug|Any CPU
		{F374B734-BF66-4D46-8CBF-3344FD7EB1A3}.Debug|iPhone.Build.0 = Debug|Any CPU
		{F374B734-BF66-4D46-8CBF-3344FD7EB1A3}.Debug|iPhone.Deploy.0 = Debug|Any CPU
		{F374B734-BF66-4D46-8CBF-3344FD7EB1A3}.Debug|iPhoneSimulator.ActiveCfg = Debug|Any CPU
		{F374B734-BF66-4D46-8CBF-3344FD7EB1A3}.Debug|iPhoneSimulator.Build.0 = Debug|Any CPU
		{F374B734-BF66-4D46-8CBF-3344FD7EB1A3}.Debug|iPhoneSimulator.Deploy.0 = Debug|Any CPU
		{F374B734-BF66-4D46-8CBF-3344FD7EB1A3}.Debug|x64.ActiveCfg = Debug|Any CPU
		{F374B734-BF66-4D46-8CBF-3344FD7EB1A3}.Debug|x64.Build.0 = Debug|Any CPU
		{F374B734-BF66-4D46-8CBF-3344FD7EB1A3}.Debug|x64.Deploy.0 = Debug|Any CPU
		{F374B734-BF66-4D46-8CBF-3344FD7EB1A3}.Debug|x86.ActiveCfg = Debug|Any CPU
		{F374B734-BF66-4D46-8CBF-3344FD7EB1A3}.Debug|x86.Build.0 = Debug|Any CPU
		{F374B734-BF66-4D46-8CBF-3344FD7EB1A3}.Debug|x86.Deploy.0 = Debug|Any CPU
		{F374B734-BF66-4D46-8CBF-3344FD7EB1A3}.Release|Any CPU.ActiveCfg = Release|Any CPU
		{F374B734-BF66-4D46-8CBF-3344FD7EB1A3}.Release|Any CPU.Build.0 = Release|Any CPU
		{F374B734-BF66-4D46-8CBF-3344FD7EB1A3}.Release|Any CPU.Deploy.0 = Release|Any CPU
		{F374B734-BF66-4D46-8CBF-3344FD7EB1A3}.Release|ARM.ActiveCfg = Release|Any CPU
		{F374B734-BF66-4D46-8CBF-3344FD7EB1A3}.Release|ARM.Build.0 = Release|Any CPU
		{F374B734-BF66-4D46-8CBF-3344FD7EB1A3}.Release|ARM.Deploy.0 = Release|Any CPU
		{F374B734-BF66-4D46-8CBF-3344FD7EB1A3}.Release|iPhone.ActiveCfg = Release|Any CPU
		{F374B734-BF66-4D46-8CBF-3344FD7EB1A3}.Release|iPhone.Build.0 = Release|Any CPU
		{F374B734-BF66-4D46-8CBF-3344FD7EB1A3}.Release|iPhone.Deploy.0 = Release|Any CPU
		{F374B734-BF66-4D46-8CBF-3344FD7EB1A3}.Release|iPhoneSimulator.ActiveCfg = Release|Any CPU
		{F374B734-BF66-4D46-8CBF-3344FD7EB1A3}.Release|iPhoneSimulator.Build.0 = Release|Any CPU
		{F374B734-BF66-4D46-8CBF-3344FD7EB1A3}.Release|iPhoneSimulator.Deploy.0 = Release|Any CPU
		{F374B734-BF66-4D46-8CBF-3344FD7EB1A3}.Release|x64.ActiveCfg = Release|Any CPU
		{F374B734-BF66-4D46-8CBF-3344FD7EB1A3}.Release|x64.Build.0 = Release|Any CPU
		{F374B734-BF66-4D46-8CBF-3344FD7EB1A3}.Release|x64.Deploy.0 = Release|Any CPU
		{F374B734-BF66-4D46-8CBF-3344FD7EB1A3}.Release|x86.ActiveCfg = Release|Any CPU
		{F374B734-BF66-4D46-8CBF-3344FD7EB1A3}.Release|x86.Build.0 = Release|Any CPU
		{F374B734-BF66-4D46-8CBF-3344FD7EB1A3}.Release|x86.Deploy.0 = Release|Any CPU
		{838F7D72-0F2A-4124-8835-50CA7F534D5E}.Ad-Hoc|Any CPU.ActiveCfg = Release|Any CPU
		{838F7D72-0F2A-4124-8835-50CA7F534D5E}.Ad-Hoc|Any CPU.Build.0 = Release|Any CPU
		{838F7D72-0F2A-4124-8835-50CA7F534D5E}.Ad-Hoc|ARM.ActiveCfg = Debug|Any CPU
		{838F7D72-0F2A-4124-8835-50CA7F534D5E}.Ad-Hoc|ARM.Build.0 = Debug|Any CPU
		{838F7D72-0F2A-4124-8835-50CA7F534D5E}.Ad-Hoc|iPhone.ActiveCfg = Release|Any CPU
		{838F7D72-0F2A-4124-8835-50CA7F534D5E}.Ad-Hoc|iPhone.Build.0 = Release|Any CPU
		{838F7D72-0F2A-4124-8835-50CA7F534D5E}.Ad-Hoc|iPhoneSimulator.ActiveCfg = Release|Any CPU
		{838F7D72-0F2A-4124-8835-50CA7F534D5E}.Ad-Hoc|iPhoneSimulator.Build.0 = Release|Any CPU
		{838F7D72-0F2A-4124-8835-50CA7F534D5E}.Ad-Hoc|x64.ActiveCfg = Debug|Any CPU
		{838F7D72-0F2A-4124-8835-50CA7F534D5E}.Ad-Hoc|x64.Build.0 = Debug|Any CPU
		{838F7D72-0F2A-4124-8835-50CA7F534D5E}.Ad-Hoc|x86.ActiveCfg = Debug|Any CPU
		{838F7D72-0F2A-4124-8835-50CA7F534D5E}.Ad-Hoc|x86.Build.0 = Debug|Any CPU
		{838F7D72-0F2A-4124-8835-50CA7F534D5E}.AppStore|Any CPU.ActiveCfg = Release|Any CPU
		{838F7D72-0F2A-4124-8835-50CA7F534D5E}.AppStore|Any CPU.Build.0 = Release|Any CPU
		{838F7D72-0F2A-4124-8835-50CA7F534D5E}.AppStore|ARM.ActiveCfg = Debug|Any CPU
		{838F7D72-0F2A-4124-8835-50CA7F534D5E}.AppStore|ARM.Build.0 = Debug|Any CPU
		{838F7D72-0F2A-4124-8835-50CA7F534D5E}.AppStore|iPhone.ActiveCfg = Release|Any CPU
		{838F7D72-0F2A-4124-8835-50CA7F534D5E}.AppStore|iPhone.Build.0 = Release|Any CPU
		{838F7D72-0F2A-4124-8835-50CA7F534D5E}.AppStore|iPhoneSimulator.ActiveCfg = Release|Any CPU
		{838F7D72-0F2A-4124-8835-50CA7F534D5E}.AppStore|iPhoneSimulator.Build.0 = Release|Any CPU
		{838F7D72-0F2A-4124-8835-50CA7F534D5E}.AppStore|x64.ActiveCfg = Debug|Any CPU
		{838F7D72-0F2A-4124-8835-50CA7F534D5E}.AppStore|x64.Build.0 = Debug|Any CPU
		{838F7D72-0F2A-4124-8835-50CA7F534D5E}.AppStore|x86.ActiveCfg = Debug|Any CPU
		{838F7D72-0F2A-4124-8835-50CA7F534D5E}.AppStore|x86.Build.0 = Debug|Any CPU
		{838F7D72-0F2A-4124-8835-50CA7F534D5E}.Debug|Any CPU.ActiveCfg = Debug|Any CPU
		{838F7D72-0F2A-4124-8835-50CA7F534D5E}.Debug|Any CPU.Build.0 = Debug|Any CPU
		{838F7D72-0F2A-4124-8835-50CA7F534D5E}.Debug|ARM.ActiveCfg = Debug|Any CPU
		{838F7D72-0F2A-4124-8835-50CA7F534D5E}.Debug|ARM.Build.0 = Debug|Any CPU
		{838F7D72-0F2A-4124-8835-50CA7F534D5E}.Debug|iPhone.ActiveCfg = Debug|Any CPU
		{838F7D72-0F2A-4124-8835-50CA7F534D5E}.Debug|iPhone.Build.0 = Debug|Any CPU
		{838F7D72-0F2A-4124-8835-50CA7F534D5E}.Debug|iPhoneSimulator.ActiveCfg = Debug|Any CPU
		{838F7D72-0F2A-4124-8835-50CA7F534D5E}.Debug|iPhoneSimulator.Build.0 = Debug|Any CPU
		{838F7D72-0F2A-4124-8835-50CA7F534D5E}.Debug|x64.ActiveCfg = Debug|Any CPU
		{838F7D72-0F2A-4124-8835-50CA7F534D5E}.Debug|x64.Build.0 = Debug|Any CPU
		{838F7D72-0F2A-4124-8835-50CA7F534D5E}.Debug|x86.ActiveCfg = Debug|Any CPU
		{838F7D72-0F2A-4124-8835-50CA7F534D5E}.Debug|x86.Build.0 = Debug|Any CPU
		{838F7D72-0F2A-4124-8835-50CA7F534D5E}.Release|Any CPU.ActiveCfg = Release|Any CPU
		{838F7D72-0F2A-4124-8835-50CA7F534D5E}.Release|Any CPU.Build.0 = Release|Any CPU
		{838F7D72-0F2A-4124-8835-50CA7F534D5E}.Release|ARM.ActiveCfg = Release|Any CPU
		{838F7D72-0F2A-4124-8835-50CA7F534D5E}.Release|ARM.Build.0 = Release|Any CPU
		{838F7D72-0F2A-4124-8835-50CA7F534D5E}.Release|iPhone.ActiveCfg = Release|Any CPU
		{838F7D72-0F2A-4124-8835-50CA7F534D5E}.Release|iPhone.Build.0 = Release|Any CPU
		{838F7D72-0F2A-4124-8835-50CA7F534D5E}.Release|iPhoneSimulator.ActiveCfg = Release|Any CPU
		{838F7D72-0F2A-4124-8835-50CA7F534D5E}.Release|iPhoneSimulator.Build.0 = Release|Any CPU
		{838F7D72-0F2A-4124-8835-50CA7F534D5E}.Release|x64.ActiveCfg = Release|Any CPU
		{838F7D72-0F2A-4124-8835-50CA7F534D5E}.Release|x64.Build.0 = Release|Any CPU
		{838F7D72-0F2A-4124-8835-50CA7F534D5E}.Release|x86.ActiveCfg = Release|Any CPU
		{838F7D72-0F2A-4124-8835-50CA7F534D5E}.Release|x86.Build.0 = Release|Any CPU
		{7B0B660C-686A-4D23-A8B9-BC2BCB53553A}.Ad-Hoc|Any CPU.ActiveCfg = Ad-Hoc|iPhone
		{7B0B660C-686A-4D23-A8B9-BC2BCB53553A}.Ad-Hoc|ARM.ActiveCfg = Ad-Hoc|iPhoneSimulator
		{7B0B660C-686A-4D23-A8B9-BC2BCB53553A}.Ad-Hoc|iPhone.ActiveCfg = Ad-Hoc|iPhone
		{7B0B660C-686A-4D23-A8B9-BC2BCB53553A}.Ad-Hoc|iPhone.Build.0 = Ad-Hoc|iPhone
		{7B0B660C-686A-4D23-A8B9-BC2BCB53553A}.Ad-Hoc|iPhoneSimulator.ActiveCfg = Ad-Hoc|iPhoneSimulator
		{7B0B660C-686A-4D23-A8B9-BC2BCB53553A}.Ad-Hoc|iPhoneSimulator.Build.0 = Ad-Hoc|iPhoneSimulator
		{7B0B660C-686A-4D23-A8B9-BC2BCB53553A}.Ad-Hoc|x64.ActiveCfg = Ad-Hoc|iPhoneSimulator
		{7B0B660C-686A-4D23-A8B9-BC2BCB53553A}.Ad-Hoc|x86.ActiveCfg = Ad-Hoc|iPhoneSimulator
		{7B0B660C-686A-4D23-A8B9-BC2BCB53553A}.AppStore|Any CPU.ActiveCfg = AppStore|iPhone
		{7B0B660C-686A-4D23-A8B9-BC2BCB53553A}.AppStore|ARM.ActiveCfg = AppStore|iPhoneSimulator
		{7B0B660C-686A-4D23-A8B9-BC2BCB53553A}.AppStore|iPhone.ActiveCfg = AppStore|iPhone
		{7B0B660C-686A-4D23-A8B9-BC2BCB53553A}.AppStore|iPhone.Build.0 = AppStore|iPhone
		{7B0B660C-686A-4D23-A8B9-BC2BCB53553A}.AppStore|iPhoneSimulator.ActiveCfg = AppStore|iPhoneSimulator
		{7B0B660C-686A-4D23-A8B9-BC2BCB53553A}.AppStore|iPhoneSimulator.Build.0 = AppStore|iPhoneSimulator
		{7B0B660C-686A-4D23-A8B9-BC2BCB53553A}.AppStore|x64.ActiveCfg = AppStore|iPhoneSimulator
		{7B0B660C-686A-4D23-A8B9-BC2BCB53553A}.AppStore|x86.ActiveCfg = AppStore|iPhoneSimulator
		{7B0B660C-686A-4D23-A8B9-BC2BCB53553A}.Debug|Any CPU.ActiveCfg = Debug|iPhone
		{7B0B660C-686A-4D23-A8B9-BC2BCB53553A}.Debug|ARM.ActiveCfg = Debug|iPhoneSimulator
		{7B0B660C-686A-4D23-A8B9-BC2BCB53553A}.Debug|iPhone.ActiveCfg = Debug|iPhone
		{7B0B660C-686A-4D23-A8B9-BC2BCB53553A}.Debug|iPhone.Build.0 = Debug|iPhone
		{7B0B660C-686A-4D23-A8B9-BC2BCB53553A}.Debug|iPhoneSimulator.ActiveCfg = Debug|iPhoneSimulator
		{7B0B660C-686A-4D23-A8B9-BC2BCB53553A}.Debug|iPhoneSimulator.Build.0 = Debug|iPhoneSimulator
		{7B0B660C-686A-4D23-A8B9-BC2BCB53553A}.Debug|x64.ActiveCfg = Debug|iPhoneSimulator
		{7B0B660C-686A-4D23-A8B9-BC2BCB53553A}.Debug|x86.ActiveCfg = Debug|iPhoneSimulator
		{7B0B660C-686A-4D23-A8B9-BC2BCB53553A}.Release|Any CPU.ActiveCfg = Release|iPhone
		{7B0B660C-686A-4D23-A8B9-BC2BCB53553A}.Release|ARM.ActiveCfg = Release|iPhoneSimulator
		{7B0B660C-686A-4D23-A8B9-BC2BCB53553A}.Release|iPhone.ActiveCfg = Release|iPhone
		{7B0B660C-686A-4D23-A8B9-BC2BCB53553A}.Release|iPhone.Build.0 = Release|iPhone
		{7B0B660C-686A-4D23-A8B9-BC2BCB53553A}.Release|iPhoneSimulator.ActiveCfg = Release|iPhoneSimulator
		{7B0B660C-686A-4D23-A8B9-BC2BCB53553A}.Release|iPhoneSimulator.Build.0 = Release|iPhoneSimulator
		{7B0B660C-686A-4D23-A8B9-BC2BCB53553A}.Release|x64.ActiveCfg = Release|iPhoneSimulator
		{7B0B660C-686A-4D23-A8B9-BC2BCB53553A}.Release|x86.ActiveCfg = Release|iPhoneSimulator
		{A4E2BF12-CF4E-43D3-A550-C13DD57C5394}.Ad-Hoc|Any CPU.ActiveCfg = Release|x64
		{A4E2BF12-CF4E-43D3-A550-C13DD57C5394}.Ad-Hoc|Any CPU.Build.0 = Release|x64
		{A4E2BF12-CF4E-43D3-A550-C13DD57C5394}.Ad-Hoc|Any CPU.Deploy.0 = Release|x64
		{A4E2BF12-CF4E-43D3-A550-C13DD57C5394}.Ad-Hoc|ARM.ActiveCfg = Release|ARM
		{A4E2BF12-CF4E-43D3-A550-C13DD57C5394}.Ad-Hoc|ARM.Build.0 = Release|ARM
		{A4E2BF12-CF4E-43D3-A550-C13DD57C5394}.Ad-Hoc|ARM.Deploy.0 = Release|ARM
		{A4E2BF12-CF4E-43D3-A550-C13DD57C5394}.Ad-Hoc|iPhone.ActiveCfg = Release|x64
		{A4E2BF12-CF4E-43D3-A550-C13DD57C5394}.Ad-Hoc|iPhone.Build.0 = Release|x64
		{A4E2BF12-CF4E-43D3-A550-C13DD57C5394}.Ad-Hoc|iPhone.Deploy.0 = Release|x64
		{A4E2BF12-CF4E-43D3-A550-C13DD57C5394}.Ad-Hoc|iPhoneSimulator.ActiveCfg = Release|x64
		{A4E2BF12-CF4E-43D3-A550-C13DD57C5394}.Ad-Hoc|iPhoneSimulator.Build.0 = Release|x64
		{A4E2BF12-CF4E-43D3-A550-C13DD57C5394}.Ad-Hoc|iPhoneSimulator.Deploy.0 = Release|x64
		{A4E2BF12-CF4E-43D3-A550-C13DD57C5394}.Ad-Hoc|x64.ActiveCfg = Release|x64
		{A4E2BF12-CF4E-43D3-A550-C13DD57C5394}.Ad-Hoc|x64.Build.0 = Release|x64
		{A4E2BF12-CF4E-43D3-A550-C13DD57C5394}.Ad-Hoc|x64.Deploy.0 = Release|x64
		{A4E2BF12-CF4E-43D3-A550-C13DD57C5394}.Ad-Hoc|x86.ActiveCfg = Release|x86
		{A4E2BF12-CF4E-43D3-A550-C13DD57C5394}.Ad-Hoc|x86.Build.0 = Release|x86
		{A4E2BF12-CF4E-43D3-A550-C13DD57C5394}.Ad-Hoc|x86.Deploy.0 = Release|x86
		{A4E2BF12-CF4E-43D3-A550-C13DD57C5394}.AppStore|Any CPU.ActiveCfg = Release|x64
		{A4E2BF12-CF4E-43D3-A550-C13DD57C5394}.AppStore|Any CPU.Build.0 = Release|x64
		{A4E2BF12-CF4E-43D3-A550-C13DD57C5394}.AppStore|Any CPU.Deploy.0 = Release|x64
		{A4E2BF12-CF4E-43D3-A550-C13DD57C5394}.AppStore|ARM.ActiveCfg = Release|ARM
		{A4E2BF12-CF4E-43D3-A550-C13DD57C5394}.AppStore|ARM.Build.0 = Release|ARM
		{A4E2BF12-CF4E-43D3-A550-C13DD57C5394}.AppStore|ARM.Deploy.0 = Release|ARM
		{A4E2BF12-CF4E-43D3-A550-C13DD57C5394}.AppStore|iPhone.ActiveCfg = Release|x64
		{A4E2BF12-CF4E-43D3-A550-C13DD57C5394}.AppStore|iPhone.Build.0 = Release|x64
		{A4E2BF12-CF4E-43D3-A550-C13DD57C5394}.AppStore|iPhone.Deploy.0 = Release|x64
		{A4E2BF12-CF4E-43D3-A550-C13DD57C5394}.AppStore|iPhoneSimulator.ActiveCfg = Release|x64
		{A4E2BF12-CF4E-43D3-A550-C13DD57C5394}.AppStore|iPhoneSimulator.Build.0 = Release|x64
		{A4E2BF12-CF4E-43D3-A550-C13DD57C5394}.AppStore|iPhoneSimulator.Deploy.0 = Release|x64
		{A4E2BF12-CF4E-43D3-A550-C13DD57C5394}.AppStore|x64.ActiveCfg = Release|x64
		{A4E2BF12-CF4E-43D3-A550-C13DD57C5394}.AppStore|x64.Build.0 = Release|x64
		{A4E2BF12-CF4E-43D3-A550-C13DD57C5394}.AppStore|x64.Deploy.0 = Release|x64
		{A4E2BF12-CF4E-43D3-A550-C13DD57C5394}.AppStore|x86.ActiveCfg = Release|x86
		{A4E2BF12-CF4E-43D3-A550-C13DD57C5394}.AppStore|x86.Build.0 = Release|x86
		{A4E2BF12-CF4E-43D3-A550-C13DD57C5394}.AppStore|x86.Deploy.0 = Release|x86
		{A4E2BF12-CF4E-43D3-A550-C13DD57C5394}.Debug|Any CPU.ActiveCfg = Debug|x86
		{A4E2BF12-CF4E-43D3-A550-C13DD57C5394}.Debug|Any CPU.Build.0 = Debug|x86
		{A4E2BF12-CF4E-43D3-A550-C13DD57C5394}.Debug|Any CPU.Deploy.0 = Debug|x86
		{A4E2BF12-CF4E-43D3-A550-C13DD57C5394}.Debug|ARM.ActiveCfg = Debug|ARM
		{A4E2BF12-CF4E-43D3-A550-C13DD57C5394}.Debug|ARM.Build.0 = Debug|ARM
		{A4E2BF12-CF4E-43D3-A550-C13DD57C5394}.Debug|ARM.Deploy.0 = Debug|ARM
		{A4E2BF12-CF4E-43D3-A550-C13DD57C5394}.Debug|iPhone.ActiveCfg = Debug|x86
		{A4E2BF12-CF4E-43D3-A550-C13DD57C5394}.Debug|iPhoneSimulator.ActiveCfg = Debug|x86
		{A4E2BF12-CF4E-43D3-A550-C13DD57C5394}.Debug|x64.ActiveCfg = Debug|x64
		{A4E2BF12-CF4E-43D3-A550-C13DD57C5394}.Debug|x64.Build.0 = Debug|x64
		{A4E2BF12-CF4E-43D3-A550-C13DD57C5394}.Debug|x64.Deploy.0 = Debug|x64
		{A4E2BF12-CF4E-43D3-A550-C13DD57C5394}.Debug|x86.ActiveCfg = Debug|x86
		{A4E2BF12-CF4E-43D3-A550-C13DD57C5394}.Debug|x86.Build.0 = Debug|x86
		{A4E2BF12-CF4E-43D3-A550-C13DD57C5394}.Debug|x86.Deploy.0 = Debug|x86
		{A4E2BF12-CF4E-43D3-A550-C13DD57C5394}.Release|Any CPU.ActiveCfg = Release|x86
		{A4E2BF12-CF4E-43D3-A550-C13DD57C5394}.Release|ARM.ActiveCfg = Release|ARM
		{A4E2BF12-CF4E-43D3-A550-C13DD57C5394}.Release|ARM.Build.0 = Release|ARM
		{A4E2BF12-CF4E-43D3-A550-C13DD57C5394}.Release|ARM.Deploy.0 = Release|ARM
		{A4E2BF12-CF4E-43D3-A550-C13DD57C5394}.Release|iPhone.ActiveCfg = Release|x86
		{A4E2BF12-CF4E-43D3-A550-C13DD57C5394}.Release|iPhoneSimulator.ActiveCfg = Release|x86
		{A4E2BF12-CF4E-43D3-A550-C13DD57C5394}.Release|x64.ActiveCfg = Release|x64
		{A4E2BF12-CF4E-43D3-A550-C13DD57C5394}.Release|x64.Build.0 = Release|x64
		{A4E2BF12-CF4E-43D3-A550-C13DD57C5394}.Release|x64.Deploy.0 = Release|x64
		{A4E2BF12-CF4E-43D3-A550-C13DD57C5394}.Release|x86.ActiveCfg = Release|x86
		{A4E2BF12-CF4E-43D3-A550-C13DD57C5394}.Release|x86.Build.0 = Release|x86
		{A4E2BF12-CF4E-43D3-A550-C13DD57C5394}.Release|x86.Deploy.0 = Release|x86
	EndGlobalSection
	GlobalSection(SolutionProperties) = preSolution
		HideSolutionNode = FALSE
	EndGlobalSection
EndGlobal
